// !$*UTF8*$!
{
	archiveVersion = 1;
	classes = {
	};
	objectVersion = 56;
	objects = {

		/* File references */
		A10000000000000100000001 = {isa = PBXFileReference; lastKnownFileType = folder; path = build; sourceTree = "<group>"; };
		A10000000000000200000001 = {isa = PBXFileReference; lastKnownFileType = sourcecode.swift; path = AppDelegate.swift; sourceTree = "<group>"; };
		A10000000000000900000001 = {isa = PBXFileReference; lastKnownFileType = sourcecode.swift; path = AppNavigation.swift; sourceTree = "<group>"; };
		A10000000000001000000001 = {isa = PBXFileReference; lastKnownFileType = sourcecode.swift; path = HomeViewController.swift; sourceTree = "<group>"; };
		A10000000000001100000001 = {isa = PBXFileReference; lastKnownFileType = sourcecode.swift; path = OnboardingViewController.swift; sourceTree = "<group>"; };
		A10000000000001200000001 = {isa = PBXFileReference; lastKnownFileType = sourcecode.swift; path = RedactedAccountViewController.swift; sourceTree = "<group>"; };
		A10000000000001300000001 = {isa = PBXFileReference; lastKnownFileType = sourcecode.swift; path = RedactedApiClient.swift; sourceTree = "<group>"; };
		A10000000000001400000001 = {isa = PBXFileReference; lastKnownFileType = sourcecode.swift; path = RedactedBrowseViewController.swift; sourceTree = "<group>"; };
		A10000000000001500000001 = {isa = PBXFileReference; lastKnownFileType = sourcecode.swift; path = RedactedJsonLoaderViewController.swift; sourceTree = "<group>"; };
		A10000000000001600000001 = {isa = PBXFileReference; lastKnownFileType = sourcecode.swift; path = RedactedModels.swift; sourceTree = "<group>"; };
		A10000000000001700000001 = {isa = PBXFileReference; lastKnownFileType = sourcecode.swift; path = RedactedMoreViewController.swift; sourceTree = "<group>"; };
		A10000000000001800000001 = {isa = PBXFileReference; lastKnownFileType = sourcecode.swift; path = RedactedTorrentGroupViewController.swift; sourceTree = "<group>"; };
		A10000000000001900000001 = {isa = PBXFileReference; lastKnownFileType = sourcecode.swift; path = ScannerViewController.swift; sourceTree = "<group>"; };
		A10000000000002000000001 = {isa = PBXFileReference; lastKnownFileType = sourcecode.swift; path = SearchHistoryStore.swift; sourceTree = "<group>"; };
		A10000000000002100000001 = {isa = PBXFileReference; lastKnownFileType = sourcecode.swift; path = SearchHistoryViewController.swift; sourceTree = "<group>"; };
		A10000000000002200000001 = {isa = PBXFileReference; lastKnownFileType = sourcecode.swift; path = SearchPrefs.swift; sourceTree = "<group>"; };
		A10000000000002300000001 = {isa = PBXFileReference; lastKnownFileType = sourcecode.swift; path = SearchViewController.swift; sourceTree = "<group>"; };
		A10000000000002400000001 = {isa = PBXFileReference; lastKnownFileType = sourcecode.swift; path = SettingsViewController.swift; sourceTree = "<group>"; };
		A10000000000002500000001 = {isa = PBXFileReference; lastKnownFileType = sourcecode.swift; path = SplashViewController.swift; sourceTree = "<group>"; };
		A10000000000000400000001 = {isa = PBXFileReference; lastKnownFileType = text.plist.xml; path = Info.plist; sourceTree = "<group>"; };
		A10000000000000500000001 = {isa = PBXFileReference; lastKnownFileType = wrapper.app; path = turnTable.app; sourceTree = "BUILT_PRODUCTS_DIR"; };
		A10000000000000600000001 = {isa = PBXFileReference; lastKnownFileType = archive.ar; path = libbarcode_scanner_core.a; sourceTree = "<group>"; };
		A10000000000000700000001 = {isa = PBXFileReference; lastKnownFileType = sourcecode.c.h; path = "turnTable-Bridging-Header.h"; sourceTree = "<group>"; };
		A10000000000000800000001 = {isa = PBXFileReference; lastKnownFileType = file.storyboard; path = LaunchScreen.storyboard; sourceTree = "<group>"; };
		A10000000000002600000001 = {isa = PBXFileReference; lastKnownFileType = folder.assetcatalog; path = Assets.xcassets; sourceTree = "<group>"; };

		/* Groups */
		A20000000000000100000001 = {
			isa = PBXGroup;
			children = (
				A20000000000000200000001,
				A20000000000000300000001,
				A20000000000000400000001,
			);
			sourceTree = "<group>";
		};
		A20000000000000200000001 = {
			isa = PBXGroup;
			children = (
				A10000000000000200000001,
				A10000000000000900000001,
				A10000000000001000000001,
				A10000000000001100000001,
				A10000000000001200000001,
				A10000000000001300000001,
				A10000000000001400000001,
				A10000000000001500000001,
				A10000000000001600000001,
				A10000000000001700000001,
				A10000000000001800000001,
				A10000000000001900000001,
				A10000000000002000000001,
				A10000000000002100000001,
				A10000000000002200000001,
				A10000000000002300000001,
				A10000000000002400000001,
				A10000000000002500000001,
				A10000000000000400000001,
				A10000000000000700000001,
				A10000000000002600000001,
				A20000000000000500000001,
			);
			path = turnTable;
			sourceTree = "<group>";
		};
		A20000000000000500000001 = {
			isa = PBXGroup;
			children = (
				A10000000000000800000001,
			);
			path = "Base.lproj";
			sourceTree = "<group>";
		};
		A20000000000000300000001 = {
			isa = PBXGroup;
			children = (
				A10000000000000500000001,
			);
			path = Products;
			sourceTree = "<group>";
		};
		A20000000000000400000001 = {
			isa = PBXGroup;
			children = (
				A10000000000000600000001,
			);
			name = Libs;
			sourceTree = "<group>";
		};

		/* Build phases - Sources */
		A30000000000000100000001 = {
			isa = PBXSourcesBuildPhase;
			buildActionMask = 255;
			files = (
				A30000000000000200000001,
				A30000000000000800000001,
				A30000000000000900000001,
				A30000000000001000000001,
				A30000000000001100000001,
				A30000000000001200000001,
				A30000000000001300000001,
				A30000000000001400000001,
				A30000000000001500000001,
				A30000000000001600000001,
				A30000000000001700000001,
				A30000000000001800000001,
				A30000000000001900000001,
				A30000000000002000000001,
				A30000000000002100000001,
				A30000000000002200000001,
				A30000000000002300000001,
				A30000000000002400000001,
			);
			runOnlyForDeploymentPostprocessing = 0;
			sourceTree = "<group>";
		};
		A30000000000000200000001 = {isa = PBXBuildFile; fileRef = A10000000000000200000001; };
		A30000000000000800000001 = {isa = PBXBuildFile; fileRef = A10000000000000900000001; };
		A30000000000000900000001 = {isa = PBXBuildFile; fileRef = A10000000000001000000001; };
		A30000000000001000000001 = {isa = PBXBuildFile; fileRef = A10000000000001100000001; };
		A30000000000001100000001 = {isa = PBXBuildFile; fileRef = A10000000000001200000001; };
		A30000000000001200000001 = {isa = PBXBuildFile; fileRef = A10000000000001300000001; };
		A30000000000001300000001 = {isa = PBXBuildFile; fileRef = A10000000000001400000001; };
		A30000000000001400000001 = {isa = PBXBuildFile; fileRef = A10000000000001500000001; };
		A30000000000001500000001 = {isa = PBXBuildFile; fileRef = A10000000000001600000001; };
		A30000000000001600000001 = {isa = PBXBuildFile; fileRef = A10000000000001700000001; };
		A30000000000001700000001 = {isa = PBXBuildFile; fileRef = A10000000000001800000001; };
		A30000000000001800000001 = {isa = PBXBuildFile; fileRef = A10000000000001900000001; };
		A30000000000001900000001 = {isa = PBXBuildFile; fileRef = A10000000000002000000001; };
		A30000000000002000000001 = {isa = PBXBuildFile; fileRef = A10000000000002100000001; };
		A30000000000002100000001 = {isa = PBXBuildFile; fileRef = A10000000000002200000001; };
		A30000000000002200000001 = {isa = PBXBuildFile; fileRef = A10000000000002300000001; };
		A30000000000002300000001 = {isa = PBXBuildFile; fileRef = A10000000000002400000001; };
		A30000000000002400000001 = {isa = PBXBuildFile; fileRef = A10000000000002500000001; };

		/* Build phases - Frameworks */
		A30000000000000400000001 = {
			isa = PBXFrameworksBuildPhase;
			buildActionMask = 255;
			files = (
				A30000000000000500000001,
			);
			runOnlyForDeploymentPostprocessing = 0;
			sourceTree = "<group>";
		};
		A30000000000000500000001 = {isa = PBXBuildFile; fileRef = A10000000000000600000001; };

		/* Build phases - Resources */
		A30000000000000600000001 = {
			isa = PBXResourcesBuildPhase;
			buildActionMask = 255;
			files = (
				A30000000000000700000001,
				A30000000000002500000001,
			);
			runOnlyForDeploymentPostprocessing = 0;
			sourceTree = "<group>";
		};
		A30000000000000700000001 = {isa = PBXBuildFile; fileRef = A10000000000000800000001; };
		A30000000000002500000001 = {isa = PBXBuildFile; fileRef = A10000000000002600000001; };

		/* Native target */
		A40000000000000100000001 = {
			isa = PBXNativeTarget;
			buildConfigurationList = A50000000000000300000001;
			buildPhases = (
				A30000000000000100000001,
				A30000000000000400000001,
				A30000000000000600000001,
			);
			buildRules = ();
			dependencies = ();
			name = turnTable;
			productName = turnTable;
			productReference = A10000000000000500000001;
			productType = "com.apple.product-type.application";
			sourceTree = "<group>";
		};

		/* Project */
		A40000000000000200000001 = {
			isa = PBXProject;
			attributes = { BuildIndependentTargetsInParallel = 1; LastSwiftUpdate = 1500; };
			buildConfigurationList = A50000000000000400000001;
			compatibilityVersion = "Xcode 14.0";
			developmentRegion = en;
			hasScannedForEncodings = 0;
			knownRegions = (en, Base);
			mainGroup = A20000000000000100000001;
			productRefGroup = A20000000000000300000001;
			projectDirPath = "";
			projectRoot = "";
			targets = (A40000000000000100000001);
		};

		/* Build configuration list - target */
		A50000000000000300000001 = {
			isa = XCConfigurationList;
			buildConfigurations = (
				A50000000000000500000001,
				A50000000000000600000001,
			);
			defaultConfigurationIsVisible = 0;
			defaultConfigurationName = Release;
		};

		/* Build configuration list - project */
		A50000000000000400000001 = {
			isa = XCConfigurationList;
			buildConfigurations = (
				A50000000000000700000001,
				A50000000000000800000001,
			);
			defaultConfigurationIsVisible = 0;
			defaultConfigurationName = Release;
		};

		/* Debug - target */
		A50000000000000500000001 = {
			isa = XCBuildConfiguration;
			buildSettings = {
				ASSETCATALOG_COMPILER_APPICON_NAME = AppIcon;
				ASSETCATALOG_COMPILER_GLOBAL_ACCENT_COLOR_NAME = AccentColor;
				CLANG_ENABLE_MODULES = YES;
				CODE_SIGN_STYLE = Automatic;
				CURRENT_PROJECT_VERSION = 1;
				DEVELOPMENT_TEAM = "";
				GENERATE_INFOPLIST_FILE = NO;
				INFOPLIST_FILE = turnTable/Info.plist;
				INFOPLIST_KEY_UIApplicationSupportsIndirectInputEvents = YES;
				LD_RUNPATH_SEARCH_PATHS = ("$(inherited)", "@executable_path/Frameworks");
				MARKETING_VERSION = 1.0;
				OTHER_LDFLAGS = "-ObjC";
				PRODUCT_BUNDLE_IDENTIFIER = com.2ndlifetech.turntable;
				PRODUCT_NAME = "$(TARGET_NAME)";
				SWIFT_BRIDGING_HEADER = "turnTable/turnTable-Bridging-Header.h";
				SWIFT_EMIT_LOC_STRINGS = YES;
				SWIFT_OPTIMIZATION_LEVEL = "-Onone";
				SWIFT_VERSION = 5.0;
				TARGETED_DEVICE_FAMILY = "1,2";
				USER_HEADER_SEARCH_PATHS = "$(PROJECT_DIR)/../../cpp/include";
				LIBRARY_SEARCH_PATHS = (
					"$(PROJECT_DIR)/build/Release-iphoneos",
					"$(PROJECT_DIR)/build/Release-iphonesimulator",
				);
			};
			name = Debug;
		};

		/* Release - target */
		A50000000000000600000001 = {
			isa = XCBuildConfiguration;
			buildSettings = {
				ASSETCATALOG_COMPILER_APPICON_NAME = AppIcon;
				ASSETCATALOG_COMPILER_GLOBAL_ACCENT_COLOR_NAME = AccentColor;
				CLANG_ENABLE_MODULES = YES;
				CODE_SIGN_STYLE = Automatic;
				CURRENT_PROJECT_VERSION = 1;
				DEVELOPMENT_TEAM = "";
				GENERATE_INFOPLIST_FILE = NO;
				INFOPLIST_FILE = turnTable/Info.plist;
				INFOPLIST_KEY_UIApplicationSupportsIndirectInputEvents = YES;
				LD_RUNPATH_SEARCH_PATHS = ("$(inherited)", "@executable_path/Frameworks");
				MARKETING_VERSION = 1.0;
				OTHER_LDFLAGS = "-ObjC";
				PRODUCT_BUNDLE_IDENTIFIER = com.2ndlifetech.turntable;
				PRODUCT_NAME = "$(TARGET_NAME)";
				SWIFT_BRIDGING_HEADER = "turnTable/turnTable-Bridging-Header.h";
				SWIFT_EMIT_LOC_STRINGS = YES;
				SWIFT_VERSION = 5.0;
				TARGETED_DEVICE_FAMILY = "1,2";
				USER_HEADER_SEARCH_PATHS = "$(PROJECT_DIR)/../../cpp/include";
				LIBRARY_SEARCH_PATHS = (
					"$(PROJECT_DIR)/build/Release-iphoneos",
					"$(PROJECT_DIR)/build/Release-iphonesimulator",
				);
			};
			name = Release;
		};

		/* Debug - project */
		A50000000000000700000001 = {
			isa = XCBuildConfiguration;
			buildSettings = {
				ALWAYS_SEARCH_USER_PATHS = NO;
				CLANG_ANALYZER_NONNULL = YES;
				CLANG_CXX_LANGUAGE_STANDARD = "gnu++17";
				COPY_PHASE_STRIP = NO;
				DEBUG_INFORMATION_FORMAT = dwarf;
				ENABLE_STRICT_OBJC_MSGSEND = YES;
				GCC_OPTIMIZATION_LEVEL = 0;
				GCC_PREPROCESSOR_DEFINITIONS = ("DEBUG=1", "$(inherited)");
				IPHONEOS_DEPLOYMENT_TARGET = 14.0;
				MTL_ENABLE_DEBUG_INFO = INCLUDE_SOURCE;
				ONLY_ACTIVE_ARCH = YES;
				SDKROOT = iphoneos;
				SWIFT_ACTIVE_COMPILATION_CONDITIONS = DEBUG;
				SWIFT_OPTIMIZATION_LEVEL = "-Onone";
			};
			name = Debug;
		};

		/* Release - project */
		A50000000000000800000001 = {
			isa = XCBuildConfiguration;
			buildSettings = {
				ALWAYS_SEARCH_USER_PATHS = NO;
				CLANG_ANALYZER_NONNULL = YES;
				CLANG_CXX_LANGUAGE_STANDARD = "gnu++17";
				COPY_PHASE_STRIP = NO;
				DEBUG_INFORMATION_FORMAT = "dwarf-with-dsym";
				ENABLE_NS_ASSERTIONS = NO;
				ENABLE_STRICT_OBJC_MSGSEND = YES;
				GCC_OPTIMIZATION_LEVEL = s;
				IPHONEOS_DEPLOYMENT_TARGET = 14.0;
				MTL_ENABLE_DEBUG_INFO = NO;
				SDKROOT = iphoneos;
				SWIFT_COMPILATION_MODE = wholemodule;
				VALIDATE_PRODUCT = YES;
			};
			name = Release;
		};
	};
	rootObject = A40000000000000200000001;
}
